// !$*UTF8*$!
{
	archiveVersion = 1;
	classes = {
	};
	objectVersion = 50;
	objects = {

/* Begin PBXBuildFile section */
		84D055E625BFE98900FE492D /* AppDelegate.swift in Sources */ = {isa = PBXBuildFile; fileRef = 84D055E525BFE98900FE492D /* AppDelegate.swift */; };
		84D055E825BFE98900FE492D /* art.scnassets in Resources */ = {isa = PBXBuildFile; fileRef = 84D055E725BFE98900FE492D /* art.scnassets */; };
		84D055EA25BFE98900FE492D /* ViewController.swift in Sources */ = {isa = PBXBuildFile; fileRef = 84D055E925BFE98900FE492D /* ViewController.swift */; };
		84D055ED25BFE98900FE492D /* Main.storyboard in Resources */ = {isa = PBXBuildFile; fileRef = 84D055EB25BFE98900FE492D /* Main.storyboard */; };
		84D055EF25BFE98C00FE492D /* Assets.xcassets in Resources */ = {isa = PBXBuildFile; fileRef = 84D055EE25BFE98C00FE492D /* Assets.xcassets */; };
		84D055F225BFE98C00FE492D /* LaunchScreen.storyboard in Resources */ = {isa = PBXBuildFile; fileRef = 84D055F025BFE98C00FE492D /* LaunchScreen.storyboard */; };
		84D055FB25BFEC9700FE492D /* Plane.swift in Sources */ = {isa = PBXBuildFile; fileRef = 84D055FA25BFEC9700FE492D /* Plane.swift */; };
		84D0560925BFF3DC00FE492D /* wallpaper.jpg in Resources */ = {isa = PBXBuildFile; fileRef = 84D0560825BFF3DB00FE492D /* wallpaper.jpg */; };
/* End PBXBuildFile section */

/* Begin PBXFileReference section */
		84D055E225BFE98900FE492D /* WallpaperAR.app */ = {isa = PBXFileReference; explicitFileType = wrapper.application; includeInIndex = 0; path = WallpaperAR.app; sourceTree = BUILT_PRODUCTS_DIR; };
		84D055E525BFE98900FE492D /* AppDelegate.swift */ = {isa = PBXFileReference; lastKnownFileType = sourcecode.swift; path = AppDelegate.swift; sourceTree = "<group>"; };
		84D055E725BFE98900FE492D /* art.scnassets */ = {isa = PBXFileReference; lastKnownFileType = wrapper.scnassets; path = art.scnassets; sourceTree = "<group>"; };
		84D055E925BFE98900FE492D /* ViewController.swift */ = {isa = PBXFileReference; lastKnownFileType = sourcecode.swift; path = ViewController.swift; sourceTree = "<group>"; };
		84D055EC25BFE98900FE492D /* Base */ = {isa = PBXFileReference; lastKnownFileType = file.storyboard; name = Base; path = Base.lproj/Main.storyboard; sourceTree = "<group>"; };
		84D055EE25BFE98C00FE492D /* Assets.xcassets */ = {isa = PBXFileReference; lastKnownFileType = folder.assetcatalog; path = Assets.xcassets; sourceTree = "<group>"; };
		84D055F125BFE98C00FE492D /* Base */ = {isa = PBXFileReference; lastKnownFileType = file.storyboard; name = Base; path = Base.lproj/LaunchScreen.storyboard; sourceTree = "<group>"; };
		84D055F325BFE98C00FE492D /* Info.plist */ = {isa = PBXFileReference; lastKnownFileType = text.plist.xml; path = Info.plist; sourceTree = "<group>"; };
		84D055FA25BFEC9700FE492D /* Plane.swift */ = {isa = PBXFileReference; lastKnownFileType = sourcecode.swift; path = Plane.swift; sourceTree = "<group>"; };
		84D0560825BFF3DB00FE492D /* wallpaper.jpg */ = {isa = PBXFileReference; lastKnownFileType = image.jpeg; name = wallpaper.jpg; path = ../../../../Downloads/wallpaper.jpg; sourceTree = "<group>"; };
/* End PBXFileReference section */

/* Begin PBXFrameworksBuildPhase section */
		84D055DF25BFE98900FE492D /* Frameworks */ = {
			isa = PBXFrameworksBuildPhase;
			buildActionMask = 2147483647;
			files = (
			);
			runOnlyForDeploymentPostprocessing = 0;
		};
/* End PBXFrameworksBuildPhase section */

/* Begin PBXGroup section */
		84D055D925BFE98900FE492D = {
			isa = PBXGroup;
			children = (
				84D055E425BFE98900FE492D /* WallpaperAR */,
				84D055E325BFE98900FE492D /* Products */,
			);
			sourceTree = "<group>";
		};
		84D055E325BFE98900FE492D /* Products */ = {
			isa = PBXGroup;
			children = (
				84D055E225BFE98900FE492D /* WallpaperAR.app */,
			);
			name = Products;
			sourceTree = "<group>";
		};
		84D055E425BFE98900FE492D /* WallpaperAR */ = {
			isa = PBXGroup;
			children = (
				84D055E525BFE98900FE492D /* AppDelegate.swift */,
				84D055E725BFE98900FE492D /* art.scnassets */,
				84D055E925BFE98900FE492D /* ViewController.swift */,
				84D055EB25BFE98900FE492D /* Main.storyboard */,
				84D055EE25BFE98C00FE492D /* Assets.xcassets */,
				84D055F025BFE98C00FE492D /* LaunchScreen.storyboard */,
				84D055F325BFE98C00FE492D /* Info.plist */,
				84D055FA25BFEC9700FE492D /* Plane.swift */,
				84D0560825BFF3DB00FE492D /* wallpaper.jpg */,
			);
			path = WallpaperAR;
			sourceTree = "<group>";
		};
/* End PBXGroup section */

/* Begin PBXNativeTarget section */
		84D055E125BFE98900FE492D /* WallpaperAR */ = {
			isa = PBXNativeTarget;
			buildConfigurationList = 84D055F625BFE98C00FE492D /* Build configuration list for PBXNativeTarget "WallpaperAR" */;
			buildPhases = (
				84D055DE25BFE98900FE492D /* Sources */,
				84D055DF25BFE98900FE492D /* Frameworks */,
				84D055E025BFE98900FE492D /* Resources */,
			);
			buildRules = (
			);
			dependencies = (
			);
			name = WallpaperAR;
			productName = WallpaperAR;
			productReference = 84D055E225BFE98900FE492D /* WallpaperAR.app */;
			productType = "com.apple.product-type.application";
		};
/* End PBXNativeTarget section */

/* Begin PBXProject section */
		84D055DA25BFE98900FE492D /* Project object */ = {
			isa = PBXProject;
			attributes = {
				LastSwiftUpdateCheck = 1230;
				LastUpgradeCheck = 1230;
				TargetAttributes = {
					84D055E125BFE98900FE492D = {
						CreatedOnToolsVersion = 12.3;
					};
				};
			};
			buildConfigurationList = 84D055DD25BFE98900FE492D /* Build configuration list for PBXProject "WallpaperAR" */;
			compatibilityVersion = "Xcode 9.3";
			developmentRegion = en;
			hasScannedForEncodings = 0;
			knownRegions = (
				en,
				Base,
			);
			mainGroup = 84D055D925BFE98900FE492D;
			productRefGroup = 84D055E325BFE98900FE492D /* Products */;
			projectDirPath = "";
			projectRoot = "";
			targets = (
				84D055E125BFE98900FE492D /* WallpaperAR */,
			);
		};
/* End PBXProject section */

/* Begin PBXResourcesBuildPhase section */
		84D055E025BFE98900FE492D /* Resources */ = {
			isa = PBXResourcesBuildPhase;
			buildActionMask = 2147483647;
			files = (
				84D055E825BFE98900FE492D /* art.scnassets in Resources */,
				84D055F225BFE98C00FE492D /* LaunchScreen.storyboard in Resources */,
				84D0560925BFF3DC00FE492D /* wallpaper.jpg in Resources */,
				84D055EF25BFE98C00FE492D /* Assets.xcassets in Resources */,
				84D055ED25BFE98900FE492D /* Main.storyboard in Resources */,
			);
			runOnlyForDeploymentPostprocessing = 0;
		};
/* End PBXResourcesBuildPhase section */

/* Begin PBXSourcesBuildPhase section */
		84D055DE25BFE98900FE492D /* Sources */ = {
			isa = PBXSourcesBuildPhase;
			buildActionMask = 2147483647;
			files = (
				84D055EA25BFE98900FE492D /* ViewController.swift in Sources */,
				84D055FB25BFEC9700FE492D /* Plane.swift in Sources */,
				84D055E625BFE98900FE492D /* AppDelegate.swift in Sources */,
			);
			runOnlyForDeploymentPostprocessing = 0;
		};
/* End PBXSourcesBuildPhase section */

/* Begin PBXVariantGroup section */
		84D055EB25BFE98900FE492D /* Main.storyboard */ = {
			isa = PBXVariantGroup;
			children = (
				84D055EC25BFE98900FE492D /* Base */,
			);
			name = Main.storyboard;
			sourceTree = "<group>";
		};
		84D055F025BFE98C00FE492D /* LaunchScreen.storyboard */ = {
			isa = PBXVariantGroup;
			children = (
				84D055F125BFE98C00FE492D /* Base */,
			);
			name = LaunchScreen.storyboard;
			sourceTree = "<group>";
		};
/* End PBXVariantGroup section */

/* Begin XCBuildConfiguration section */
		84D055F425BFE98C00FE492D /* Debug */ = {
			isa = XCBuildConfiguration;
			buildSettings = {
				ALWAYS_SEARCH_USER_PATHS = NO;
				CLANG_ANALYZER_NONNULL = YES;
				CLANG_ANALYZER_NUMBER_OBJECT_CONVERSION = YES_AGGRESSIVE;
				CLANG_CXX_LANGUAGE_STANDARD = "gnu++14";
				CLANG_CXX_LIBRARY = "libc++";
				CLANG_ENABLE_MODULES = YES;
				CLANG_ENABLE_OBJC_ARC = YES;
				CLANG_ENABLE_OBJC_WEAK = YES;
				CLANG_WARN_BLOCK_CAPTURE_AUTORELEASING = YES;
				CLANG_WARN_BOOL_CONVERSION = YES;
				CLANG_WARN_COMMA = YES;
				CLANG_WARN_CONSTANT_CONVERSION = YES;
				CLANG_WARN_DEPRECATED_OBJC_IMPLEMENTATIONS = YES;
				CLANG_WARN_DIRECT_OBJC_ISA_USAGE = YES_ERROR;
				CLANG_WARN_DOCUMENTATION_COMMENTS = YES;
				CLANG_WARN_EMPTY_BODY = YES;
				CLANG_WARN_ENUM_CONVERSION = YES;
				CLANG_WARN_INFINITE_RECURSION = YES;
				CLANG_WARN_INT_CONVERSION = YES;
				CLANG_WARN_NON_LITERAL_NULL_CONVERSION = YES;
				CLANG_WARN_OBJC_IMPLICIT_RETAIN_SELF = YES;
				CLANG_WARN_OBJC_LITERAL_CONVERSION = YES;
				CLANG_WARN_OBJC_ROOT_CLASS = YES_ERROR;
				CLANG_WARN_QUOTED_INCLUDE_IN_FRAMEWORK_HEADER = YES;
				CLANG_WARN_RANGE_LOOP_ANALYSIS = YES;
				CLANG_WARN_STRICT_PROTOTYPES = YES;
				CLANG_WARN_SUSPICIOUS_MOVE = YES;
				CLANG_WARN_UNGUARDED_AVAILABILITY = YES_AGGRESSIVE;
				CLANG_WARN_UNREACHABLE_CODE = YES;
				CLANG_WARN__DUPLICATE_METHOD_MATCH = YES;
				COPY_PHASE_STRIP = NO;
				DEBUG_INFORMATION_FORMAT = dwarf;
				ENABLE_STRICT_OBJC_MSGSEND = YES;
				ENABLE_TESTABILITY = YES;
				GCC_C_LANGUAGE_STANDARD = gnu11;
				GCC_DYNAMIC_NO_PIC = NO;
				GCC_NO_COMMON_BLOCKS = YES;
				GCC_OPTIMIZATION_LEVEL = 0;
				GCC_PREPROCESSOR_DEFINITIONS = (
					"DEBUG=1",
					"$(inherited)",
				);
				GCC_WARN_64_TO_32_BIT_CONVERSION = YES;
				GCC_WARN_ABOUT_RETURN_TYPE = YES_ERROR;
				GCC_WARN_UNDECLARED_SELECTOR = YES;
				GCC_WARN_UNINITIALIZED_AUTOS = YES_AGGRESSIVE;
				GCC_WARN_UNUSED_FUNCTION = YES;
				GCC_WARN_UNUSED_VARIABLE = YES;
				IPHONEOS_DEPLOYMENT_TARGET = 14.3;
				MTL_ENABLE_DEBUG_INFO = INCLUDE_SOURCE;
				MTL_FAST_MATH = YES;
				ONLY_ACTIVE_ARCH = YES;
				SDKROOT = iphoneos;
				SWIFT_ACTIVE_COMPILATION_CONDITIONS = DEBUG;
				SWIFT_OPTIMIZATION_LEVEL = "-Onone";
			};
			name = Debug;
		};
		84D055F525BFE98C00FE492D /* Release */ = {
			isa = XCBuildConfiguration;
			buildSettings = {
				ALWAYS_SEARCH_USER_PATHS = NO;
				CLANG_ANALYZER_NONNULL = YES;
				CLANG_ANALYZER_NUMBER_OBJECT_CONVERSION = YES_AGGRESSIVE;
				CLANG_CXX_LANGUAGE_STANDARD = "gnu++14";
				CLANG_CXX_LIBRARY = "libc++";
				CLANG_ENABLE_MODULES = YES;
				CLANG_ENABLE_OBJC_ARC = YES;
				CLANG_ENABLE_OBJC_WEAK = YES;
				CLANG_WARN_BLOCK_CAPTURE_AUTORELEASING = YES;
				CLANG_WARN_BOOL_CONVERSION = YES;
				CLANG_WARN_COMMA = YES;
				CLANG_WARN_CONSTANT_CONVERSION = YES;
				CLANG_WARN_DEPRECATED_OBJC_IMPLEMENTATIONS = YES;
				CLANG_WARN_DIRECT_OBJC_ISA_USAGE = YES_ERROR;
				CLANG_WARN_DOCUMENTATION_COMMENTS = YES;
				CLANG_WARN_EMPTY_BODY = YES;
				CLANG_WARN_ENUM_CONVERSION = YES;
				CLANG_WARN_INFINITE_RECURSION = YES;
				CLANG_WARN_INT_CONVERSION = YES;
				CLANG_WARN_NON_LITERAL_NULL_CONVERSION = YES;
				CLANG_WARN_OBJC_IMPLICIT_RETAIN_SELF = YES;
				CLANG_WARN_OBJC_LITERAL_CONVERSION = YES;
				CLANG_WARN_OBJC_ROOT_CLASS = YES_ERROR;
				CLANG_WARN_QUOTED_INCLUDE_IN_FRAMEWORK_HEADER = YES;
				CLANG_WARN_RANGE_LOOP_ANALYSIS = YES;
				CLANG_WARN_STRICT_PROTOTYPES = YES;
				CLANG_WARN_SUSPICIOUS_MOVE = YES;
				CLANG_WARN_UNGUARDED_AVAILABILITY = YES_AGGRESSIVE;
				CLANG_WARN_UNREACHABLE_CODE = YES;
				CLANG_WARN__DUPLICATE_METHOD_MATCH = YES;
				COPY_PHASE_STRIP = NO;
				DEBUG_INFORMATION_FORMAT = "dwarf-with-dsym";
				ENABLE_NS_ASSERTIONS = NO;
				ENABLE_STRICT_OBJC_MSGSEND = YES;
				GCC_C_LANGUAGE_STANDARD = gnu11;
				GCC_NO_COMMON_BLOCKS = YES;
				GCC_WARN_64_TO_32_BIT_CONVERSION = YES;
				GCC_WARN_ABOUT_RETURN_TYPE = YES_ERROR;
				GCC_WARN_UNDECLARED_SELECTOR = YES;
				GCC_WARN_UNINITIALIZED_AUTOS = YES_AGGRESSIVE;
				GCC_WARN_UNUSED_FUNCTION = YES;
				GCC_WARN_UNUSED_VARIABLE = YES;
				IPHONEOS_DEPLOYMENT_TARGET = 14.3;
				MTL_ENABLE_DEBUG_INFO = NO;
				MTL_FAST_MATH = YES;
				SDKROOT = iphoneos;
				SWIFT_COMPILATION_MODE = wholemodule;
				SWIFT_OPTIMIZATION_LEVEL = "-O";
				VALIDATE_PRODUCT = YES;
			};
			name = Release;
		};
		84D055F725BFE98C00FE492D /* Debug */ = {
			isa = XCBuildConfiguration;
			buildSettings = {
				ASSETCATALOG_COMPILER_APPICON_NAME = AppIcon;
				ASSETCATALOG_COMPILER_GLOBAL_ACCENT_COLOR_NAME = AccentColor;
				CODE_SIGN_STYLE = Automatic;
				DEVELOPMENT_TEAM = 582N78528Y;
				INFOPLIST_FILE = WallpaperAR/Info.plist;
				IPHONEOS_DEPLOYMENT_TARGET = 14.2;
				LD_RUNPATH_SEARCH_PATHS = (
					"$(inherited)",
					"@executable_path/Frameworks",
				);
				PRODUCT_BUNDLE_IDENTIFIER = thousandsoft.WallpaperAR;
				PRODUCT_NAME = "$(TARGET_NAME)";
				SWIFT_VERSION = 5.0;
				TARGETED_DEVICE_FAMILY = "1,2";
			};
			name = Debug;
		};
		84D055F825BFE98C00FE492D /* Release */ = {
			isa = XCBuildConfiguration;
			buildSettings = {
				ASSETCATALOG_COMPILER_APPICON_NAME = AppIcon;
				ASSETCATALOG_COMPILER_GLOBAL_ACCENT_COLOR_NAME = AccentColor;
				CODE_SIGN_STYLE = Automatic;
				DEVELOPMENT_TEAM = 582N78528Y;
				INFOPLIST_FILE = WallpaperAR/Info.plist;
				IPHONEOS_DEPLOYMENT_TARGET = 14.2;
				LD_RUNPATH_SEARCH_PATHS = (
					"$(inherited)",
					"@executable_path/Frameworks",
				);
				PRODUCT_BUNDLE_IDENTIFIER = thousandsoft.WallpaperAR;
				PRODUCT_NAME = "$(TARGET_NAME)";
				SWIFT_VERSION = 5.0;
				TARGETED_DEVICE_FAMILY = "1,2";
			};
			name = Release;
		};
/* End XCBuildConfiguration section */

/* Begin XCConfigurationList section */
		84D055DD25BFE98900FE492D /* Build configuration list for PBXProject "WallpaperAR" */ = {
			isa = XCConfigurationList;
			buildConfigurations = (
				84D055F425BFE98C00FE492D /* Debug */,
				84D055F525BFE98C00FE492D /* Release */,
			);
			defaultConfigurationIsVisible = 0;
			defaultConfigurationName = Release;
		};
		84D055F625BFE98C00FE492D /* Build configuration list for PBXNativeTarget "WallpaperAR" */ = {
			isa = XCConfigurationList;
			buildConfigurations = (
				84D055F725BFE98C00FE492D /* Debug */,
				84D055F825BFE98C00FE492D /* Release */,
			);
			defaultConfigurationIsVisible = 0;
			defaultConfigurationName = Release;
		};
/* End XCConfigurationList section */
	};
	rootObject = 84D055DA25BFE98900FE492D /* Project object */;
}
